
Microsoft Visual Studio Solution File, Format Version 12.00
# Visual Studio Version 16
VisualStudioVersion = 16.0.30114.105
MinimumVisualStudioVersion = 10.0.40219.1
Project("{FAE04EC0-301F-11D3-BF4B-00C04F79EFBC}") = "ProEventos.Application", "ProEventos.Application\ProEventos.Application.csproj", "{7D471966-F13C-4598-A8E5-C78545911163}"
EndProject
Project("{FAE04EC0-301F-11D3-BF4B-00C04F79EFBC}") = "ProEventos.Domain", "ProEventos.Domain\ProEventos.Domain.csproj", "{BF3F14A4-7DCD-493C-97A7-26313919BB53}"
EndProject
Project("{FAE04EC0-301F-11D3-BF4B-00C04F79EFBC}") = "ProEventos.API", "ProEventos.API\ProEventos.API.csproj", "{86806ED3-37C0-4AF9-87E8-B1D74A08E33B}"
EndProject
Project("{FAE04EC0-301F-11D3-BF4B-00C04F79EFBC}") = "ProEventos.Persistence", "ProEventos.Persistence\ProEventos.Persistence.csproj", "{A35AD813-44BD-4A10-9A26-51D042A5852C}"
EndProject
Global
	GlobalSection(SolutionConfigurationPlatforms) = preSolution
		Debug|Any CPU = Debug|Any CPU
		Debug|x64 = Debug|x64
		Debug|x86 = Debug|x86
		Release|Any CPU = Release|Any CPU
		Release|x64 = Release|x64
		Release|x86 = Release|x86
	EndGlobalSection
	GlobalSection(SolutionProperties) = preSolution
		HideSolutionNode = FALSE
	EndGlobalSection
	GlobalSection(ProjectConfigurationPlatforms) = postSolution
		{7D471966-F13C-4598-A8E5-C78545911163}.Debug|Any CPU.ActiveCfg = Debug|Any CPU
		{7D471966-F13C-4598-A8E5-C78545911163}.Debug|Any CPU.Build.0 = Debug|Any CPU
		{7D471966-F13C-4598-A8E5-C78545911163}.Debug|x64.ActiveCfg = Debug|Any CPU
		{7D471966-F13C-4598-A8E5-C78545911163}.Debug|x64.Build.0 = Debug|Any CPU
		{7D471966-F13C-4598-A8E5-C78545911163}.Debug|x86.ActiveCfg = Debug|Any CPU
		{7D471966-F13C-4598-A8E5-C78545911163}.Debug|x86.Build.0 = Debug|Any CPU
		{7D471966-F13C-4598-A8E5-C78545911163}.Release|Any CPU.ActiveCfg = Release|Any CPU
		{7D471966-F13C-4598-A8E5-C78545911163}.Release|Any CPU.Build.0 = Release|Any CPU
		{7D471966-F13C-4598-A8E5-C78545911163}.Release|x64.ActiveCfg = Release|Any CPU
		{7D471966-F13C-4598-A8E5-C78545911163}.Release|x64.Build.0 = Release|Any CPU
		{7D471966-F13C-4598-A8E5-C78545911163}.Release|x86.ActiveCfg = Release|Any CPU
		{7D471966-F13C-4598-A8E5-C78545911163}.Release|x86.Build.0 = Release|Any CPU
		{BF3F14A4-7DCD-493C-97A7-26313919BB53}.Debug|Any CPU.ActiveCfg = Debug|Any CPU
		{BF3F14A4-7DCD-493C-97A7-26313919BB53}.Debug|Any CPU.Build.0 = Debug|Any CPU
		{BF3F14A4-7DCD-493C-97A7-26313919BB53}.Debug|x64.ActiveCfg = Debug|Any CPU
		{BF3F14A4-7DCD-493C-97A7-26313919BB53}.Debug|x64.Build.0 = Debug|Any CPU
		{BF3F14A4-7DCD-493C-97A7-26313919BB53}.Debug|x86.ActiveCfg = Debug|Any CPU
		{BF3F14A4-7DCD-493C-97A7-26313919BB53}.Debug|x86.Build.0 = Debug|Any CPU
		{BF3F14A4-7DCD-493C-97A7-26313919BB53}.Release|Any CPU.ActiveCfg = Release|Any CPU
		{BF3F14A4-7DCD-493C-97A7-26313919BB53}.Release|Any CPU.Build.0 = Release|Any CPU
		{BF3F14A4-7DCD-493C-97A7-26313919BB53}.Release|x64.ActiveCfg = Release|Any CPU
		{BF3F14A4-7DCD-493C-97A7-26313919BB53}.Release|x64.Build.0 = Release|Any CPU
		{BF3F14A4-7DCD-493C-97A7-26313919BB53}.Release|x86.ActiveCfg = Release|Any CPU
		{BF3F14A4-7DCD-493C-97A7-26313919BB53}.Release|x86.Build.0 = Release|Any CPU
		{86806ED3-37C0-4AF9-87E8-B1D74A08E33B}.Debug|Any CPU.ActiveCfg = Debug|Any CPU
		{86806ED3-37C0-4AF9-87E8-B1D74A08E33B}.Debug|Any CPU.Build.0 = Debug|Any CPU
		{86806ED3-37C0-4AF9-87E8-B1D74A08E33B}.Debug|x64.ActiveCfg = Debug|Any CPU
		{86806ED3-37C0-4AF9-87E8-B1D74A08E33B}.Debug|x64.Build.0 = Debug|Any CPU
		{86806ED3-37C0-4AF9-87E8-B1D74A08E33B}.Debug|x86.ActiveCfg = Debug|Any CPU
		{86806ED3-37C0-4AF9-87E8-B1D74A08E33B}.Debug|x86.Build.0 = Debug|Any CPU
		{86806ED3-37C0-4AF9-87E8-B1D74A08E33B}.Release|Any CPU.ActiveCfg = Release|Any CPU
		{86806ED3-37C0-4AF9-87E8-B1D74A08E33B}.Release|Any CPU.Build.0 = Release|Any CPU
		{86806ED3-37C0-4AF9-87E8-B1D74A08E33B}.Release|x64.ActiveCfg = Release|Any CPU
		{86806ED3-37C0-4AF9-87E8-B1D74A08E33B}.Release|x64.Build.0 = Release|Any CPU
		{86806ED3-37C0-4AF9-87E8-B1D74A08E33B}.Release|x86.ActiveCfg = Release|Any CPU
		{86806ED3-37C0-4AF9-87E8-B1D74A08E33B}.Release|x86.Build.0 = Release|Any CPU
		{A35AD813-44BD-4A10-9A26-51D042A5852C}.Debug|Any CPU.ActiveCfg = Debug|Any CPU
		{A35AD813-44BD-4A10-9A26-51D042A5852C}.Debug|Any CPU.Build.0 = Debug|Any CPU
		{A35AD813-44BD-4A10-9A26-51D042A5852C}.Debug|x64.ActiveCfg = Debug|Any CPU
		{A35AD813-44BD-4A10-9A26-51D042A5852C}.Debug|x64.Build.0 = Debug|Any CPU
		{A35AD813-44BD-4A10-9A26-51D042A5852C}.Debug|x86.ActiveCfg = Debug|Any CPU
		{A35AD813-44BD-4A10-9A26-51D042A5852C}.Debug|x86.Build.0 = Debug|Any CPU
		{A35AD813-44BD-4A10-9A26-51D042A5852C}.Release|Any CPU.ActiveCfg = Release|Any CPU
		{A35AD813-44BD-4A10-9A26-51D042A5852C}.Release|Any CPU.Build.0 = Release|Any CPU
		{A35AD813-44BD-4A10-9A26-51D042A5852C}.Release|x64.ActiveCfg = Release|Any CPU
		{A35AD813-44BD-4A10-9A26-51D042A5852C}.Release|x64.Build.0 = Release|Any CPU
		{A35AD813-44BD-4A10-9A26-51D042A5852C}.Release|x86.ActiveCfg = Release|Any CPU
		{A35AD813-44BD-4A10-9A26-51D042A5852C}.Release|x86.Build.0 = Release|Any CPU
	EndGlobalSection
EndGlobal
