
Microsoft Visual Studio Solution File, Format Version 12.00
# Visual Studio Version 16
VisualStudioVersion = 16.0.30114.105
MinimumVisualStudioVersion = 10.0.40219.1
Project("{FAE04EC0-301F-11D3-BF4B-00C04F79EFBC}") = "ProEventos.API", "ProEventos.API\ProEventos.API.csproj", "{C3CDE6ED-5789-435F-A0B2-52F91F66423C}"
EndProject
Project("{FAE04EC0-301F-11D3-BF4B-00C04F79EFBC}") = "ProEventos.Application", "ProEventos.Application\ProEventos.Application.csproj", "{7B420F8A-7EE1-4BF8-BA12-7FE467E1581F}"
EndProject
Project("{FAE04EC0-301F-11D3-BF4B-00C04F79EFBC}") = "ProEventos.Domain", "ProEventos.Domain\ProEventos.Domain.csproj", "{09E699AC-8180-4502-A4D4-346AEDD5D1DF}"
EndProject
Project("{FAE04EC0-301F-11D3-BF4B-00C04F79EFBC}") = "ProEventos.Repositorio", "ProEventos.Repositorio\ProEventos.Repositorio.csproj", "{C4EBDE13-DD8D-40F9-8593-077F94D9A43F}"
EndProject
Global
	GlobalSection(SolutionConfigurationPlatforms) = preSolution
		Debug|Any CPU = Debug|Any CPU
		Debug|x64 = Debug|x64
		Debug|x86 = Debug|x86
		Release|Any CPU = Release|Any CPU
		Release|x64 = Release|x64
		Release|x86 = Release|x86
	EndGlobalSection
	GlobalSection(SolutionProperties) = preSolution
		HideSolutionNode = FALSE
	EndGlobalSection
	GlobalSection(ProjectConfigurationPlatforms) = postSolution
		{C3CDE6ED-5789-435F-A0B2-52F91F66423C}.Debug|Any CPU.ActiveCfg = Debug|Any CPU
		{C3CDE6ED-5789-435F-A0B2-52F91F66423C}.Debug|Any CPU.Build.0 = Debug|Any CPU
		{C3CDE6ED-5789-435F-A0B2-52F91F66423C}.Debug|x64.ActiveCfg = Debug|Any CPU
		{C3CDE6ED-5789-435F-A0B2-52F91F66423C}.Debug|x64.Build.0 = Debug|Any CPU
		{C3CDE6ED-5789-435F-A0B2-52F91F66423C}.Debug|x86.ActiveCfg = Debug|Any CPU
		{C3CDE6ED-5789-435F-A0B2-52F91F66423C}.Debug|x86.Build.0 = Debug|Any CPU
		{C3CDE6ED-5789-435F-A0B2-52F91F66423C}.Release|Any CPU.ActiveCfg = Release|Any CPU
		{C3CDE6ED-5789-435F-A0B2-52F91F66423C}.Release|Any CPU.Build.0 = Release|Any CPU
		{C3CDE6ED-5789-435F-A0B2-52F91F66423C}.Release|x64.ActiveCfg = Release|Any CPU
		{C3CDE6ED-5789-435F-A0B2-52F91F66423C}.Release|x64.Build.0 = Release|Any CPU
		{C3CDE6ED-5789-435F-A0B2-52F91F66423C}.Release|x86.ActiveCfg = Release|Any CPU
		{C3CDE6ED-5789-435F-A0B2-52F91F66423C}.Release|x86.Build.0 = Release|Any CPU
		{7B420F8A-7EE1-4BF8-BA12-7FE467E1581F}.Debug|Any CPU.ActiveCfg = Debug|Any CPU
		{7B420F8A-7EE1-4BF8-BA12-7FE467E1581F}.Debug|Any CPU.Build.0 = Debug|Any CPU
		{7B420F8A-7EE1-4BF8-BA12-7FE467E1581F}.Debug|x64.ActiveCfg = Debug|Any CPU
		{7B420F8A-7EE1-4BF8-BA12-7FE467E1581F}.Debug|x64.Build.0 = Debug|Any CPU
		{7B420F8A-7EE1-4BF8-BA12-7FE467E1581F}.Debug|x86.ActiveCfg = Debug|Any CPU
		{7B420F8A-7EE1-4BF8-BA12-7FE467E1581F}.Debug|x86.Build.0 = Debug|Any CPU
		{7B420F8A-7EE1-4BF8-BA12-7FE467E1581F}.Release|Any CPU.ActiveCfg = Release|Any CPU
		{7B420F8A-7EE1-4BF8-BA12-7FE467E1581F}.Release|Any CPU.Build.0 = Release|Any CPU
		{7B420F8A-7EE1-4BF8-BA12-7FE467E1581F}.Release|x64.ActiveCfg = Release|Any CPU
		{7B420F8A-7EE1-4BF8-BA12-7FE467E1581F}.Release|x64.Build.0 = Release|Any CPU
		{7B420F8A-7EE1-4BF8-BA12-7FE467E1581F}.Release|x86.ActiveCfg = Release|Any CPU
		{7B420F8A-7EE1-4BF8-BA12-7FE467E1581F}.Release|x86.Build.0 = Release|Any CPU
		{09E699AC-8180-4502-A4D4-346AEDD5D1DF}.Debug|Any CPU.ActiveCfg = Debug|Any CPU
		{09E699AC-8180-4502-A4D4-346AEDD5D1DF}.Debug|Any CPU.Build.0 = Debug|Any CPU
		{09E699AC-8180-4502-A4D4-346AEDD5D1DF}.Debug|x64.ActiveCfg = Debug|Any CPU
		{09E699AC-8180-4502-A4D4-346AEDD5D1DF}.Debug|x64.Build.0 = Debug|Any CPU
		{09E699AC-8180-4502-A4D4-346AEDD5D1DF}.Debug|x86.ActiveCfg = Debug|Any CPU
		{09E699AC-8180-4502-A4D4-346AEDD5D1DF}.Debug|x86.Build.0 = Debug|Any CPU
		{09E699AC-8180-4502-A4D4-346AEDD5D1DF}.Release|Any CPU.ActiveCfg = Release|Any CPU
		{09E699AC-8180-4502-A4D4-346AEDD5D1DF}.Release|Any CPU.Build.0 = Release|Any CPU
		{09E699AC-8180-4502-A4D4-346AEDD5D1DF}.Release|x64.ActiveCfg = Release|Any CPU
		{09E699AC-8180-4502-A4D4-346AEDD5D1DF}.Release|x64.Build.0 = Release|Any CPU
		{09E699AC-8180-4502-A4D4-346AEDD5D1DF}.Release|x86.ActiveCfg = Release|Any CPU
		{09E699AC-8180-4502-A4D4-346AEDD5D1DF}.Release|x86.Build.0 = Release|Any CPU
		{C4EBDE13-DD8D-40F9-8593-077F94D9A43F}.Debug|Any CPU.ActiveCfg = Debug|Any CPU
		{C4EBDE13-DD8D-40F9-8593-077F94D9A43F}.Debug|Any CPU.Build.0 = Debug|Any CPU
		{C4EBDE13-DD8D-40F9-8593-077F94D9A43F}.Debug|x64.ActiveCfg = Debug|Any CPU
		{C4EBDE13-DD8D-40F9-8593-077F94D9A43F}.Debug|x64.Build.0 = Debug|Any CPU
		{C4EBDE13-DD8D-40F9-8593-077F94D9A43F}.Debug|x86.ActiveCfg = Debug|Any CPU
		{C4EBDE13-DD8D-40F9-8593-077F94D9A43F}.Debug|x86.Build.0 = Debug|Any CPU
		{C4EBDE13-DD8D-40F9-8593-077F94D9A43F}.Release|Any CPU.ActiveCfg = Release|Any CPU
		{C4EBDE13-DD8D-40F9-8593-077F94D9A43F}.Release|Any CPU.Build.0 = Release|Any CPU
		{C4EBDE13-DD8D-40F9-8593-077F94D9A43F}.Release|x64.ActiveCfg = Release|Any CPU
		{C4EBDE13-DD8D-40F9-8593-077F94D9A43F}.Release|x64.Build.0 = Release|Any CPU
		{C4EBDE13-DD8D-40F9-8593-077F94D9A43F}.Release|x86.ActiveCfg = Release|Any CPU
		{C4EBDE13-DD8D-40F9-8593-077F94D9A43F}.Release|x86.Build.0 = Release|Any CPU
	EndGlobalSection
EndGlobal
